
Microsoft Visual Studio Solution File, Format Version 12.00
# Visual Studio Version 17
VisualStudioVersion = 17.6.33815.320
MinimumVisualStudioVersion = 10.0.40219.1
Project("{FAE04EC0-301F-11D3-BF4B-00C04F79EFBC}") = "TesteCobmais", "TesteCobmais.csproj", "{625A0B31-E809-47F3-8423-CFADD326C8EF}"
EndProject
Global
	GlobalSection(SolutionConfigurationPlatforms) = preSolution
		Debug|Any CPU = Debug|Any CPU
		Release|Any CPU = Release|Any CPU
	EndGlobalSection
	GlobalSection(ProjectConfigurationPlatforms) = postSolution
		{625A0B31-E809-47F3-8423-CFADD326C8EF}.Debug|Any CPU.ActiveCfg = Debug|Any CPU
		{625A0B31-E809-47F3-8423-CFADD326C8EF}.Debug|Any CPU.Build.0 = Debug|Any CPU
		{625A0B31-E809-47F3-8423-CFADD326C8EF}.Release|Any CPU.ActiveCfg = Release|Any CPU
		{625A0B31-E809-47F3-8423-CFADD326C8EF}.Release|Any CPU.Build.0 = Release|Any CPU
	EndGlobalSection
	GlobalSection(SolutionProperties) = preSolution
		HideSolutionNode = FALSE
	EndGlobalSection
	GlobalSection(ExtensibilityGlobals) = postSolution
		SolutionGuid = {8D4ADDD9-3824-44C8-A884-F11A286A64AB}
	EndGlobalSection
EndGlobal
